
Microsoft Visual Studio Solution File, Format Version 12.00
# Visual Studio Version 17
VisualStudioVersion = 17.5.33516.290
MinimumVisualStudioVersion = 10.0.40219.1
Project("{FAE04EC0-301F-11D3-BF4B-00C04F79EFBC}") = "Exercise2", "Exercise2.csproj", "{A8339F7E-69F6-4857-A614-826F93B11B7C}"
EndProject
Global
	GlobalSection(SolutionConfigurationPlatforms) = preSolution
		Debug|Any CPU = Debug|Any CPU
		Release|Any CPU = Release|Any CPU
	EndGlobalSection
	GlobalSection(ProjectConfigurationPlatforms) = postSolution
		{A8339F7E-69F6-4857-A614-826F93B11B7C}.Debug|Any CPU.ActiveCfg = Debug|Any CPU
		{A8339F7E-69F6-4857-A614-826F93B11B7C}.Debug|Any CPU.Build.0 = Debug|Any CPU
		{A8339F7E-69F6-4857-A614-826F93B11B7C}.Release|Any CPU.ActiveCfg = Release|Any CPU
		{A8339F7E-69F6-4857-A614-826F93B11B7C}.Release|Any CPU.Build.0 = Release|Any CPU
	EndGlobalSection
	GlobalSection(SolutionProperties) = preSolution
		HideSolutionNode = FALSE
	EndGlobalSection
	GlobalSection(ExtensibilityGlobals) = postSolution
		SolutionGuid = {A9156AEF-B7B7-4716-B92B-A2E3E4C560F6}
	EndGlobalSection
EndGlobal
