
Microsoft Visual Studio Solution File, Format Version 12.00
# Visual Studio Version 17
VisualStudioVersion = 17.5.33516.290
MinimumVisualStudioVersion = 10.0.40219.1
Project("{9A19103F-16F7-4668-BE54-9A1E7A4F7556}") = "ZooManagementSystem", "ZooManagementSystem.csproj", "{0EB28236-2B3D-4E4A-87DC-D157B1FF97AB}"
EndProject
Project("{FAE04EC0-301F-11D3-BF4B-00C04F79EFBC}") = "ZooManagement.Tests", "..\ZooManagement.Tests\ZooManagement.Tests.csproj", "{D8B532DA-EC61-4DFD-8700-744CE3AA3087}"
EndProject
Global
	GlobalSection(SolutionConfigurationPlatforms) = preSolution
		Debug|Any CPU = Debug|Any CPU
		Release|Any CPU = Release|Any CPU
	EndGlobalSection
	GlobalSection(ProjectConfigurationPlatforms) = postSolution
		{0EB28236-2B3D-4E4A-87DC-D157B1FF97AB}.Debug|Any CPU.ActiveCfg = Debug|Any CPU
		{0EB28236-2B3D-4E4A-87DC-D157B1FF97AB}.Debug|Any CPU.Build.0 = Debug|Any CPU
		{0EB28236-2B3D-4E4A-87DC-D157B1FF97AB}.Release|Any CPU.ActiveCfg = Release|Any CPU
		{0EB28236-2B3D-4E4A-87DC-D157B1FF97AB}.Release|Any CPU.Build.0 = Release|Any CPU
		{D8B532DA-EC61-4DFD-8700-744CE3AA3087}.Debug|Any CPU.ActiveCfg = Debug|Any CPU
		{D8B532DA-EC61-4DFD-8700-744CE3AA3087}.Debug|Any CPU.Build.0 = Debug|Any CPU
		{D8B532DA-EC61-4DFD-8700-744CE3AA3087}.Release|Any CPU.ActiveCfg = Release|Any CPU
		{D8B532DA-EC61-4DFD-8700-744CE3AA3087}.Release|Any CPU.Build.0 = Release|Any CPU
	EndGlobalSection
	GlobalSection(SolutionProperties) = preSolution
		HideSolutionNode = FALSE
	EndGlobalSection
	GlobalSection(ExtensibilityGlobals) = postSolution
		SolutionGuid = {97ABDD0F-6631-455E-B2FD-B4382A190735}
	EndGlobalSection
EndGlobal
